
Microsoft Visual Studio Solution File, Format Version 12.00
# Visual Studio 15
VisualStudioVersion = 15.0.28307.1062
MinimumVisualStudioVersion = 10.0.40219.1
Project("{FAE04EC0-301F-11D3-BF4B-00C04F79EFBC}") = "HomeWork4", "HomeWork4\HomeWork4.csproj", "{2ED746EA-1C17-484F-B010-93D050538067}"
EndProject
Project("{FAE04EC0-301F-11D3-BF4B-00C04F79EFBC}") = "HomeWork5", "HomeWork5\HomeWork5.csproj", "{92C271B6-918A-447A-B5A1-0630606D17C3}"
EndProject
Project("{FAE04EC0-301F-11D3-BF4B-00C04F79EFBC}") = "HomeWork1", "HomeWork1\HomeWork1.csproj", "{BB19985D-89F4-4BE1-9864-E179A9C97C91}"
EndProject
Project("{FAE04EC0-301F-11D3-BF4B-00C04F79EFBC}") = "Homework2", "Homework2\Homework2.csproj", "{DC9EC70C-152D-47CB-9F37-87FCD97E9388}"
EndProject
Project("{2150E333-8FDC-42A3-9474-1A3956D46DE8}") = "Lesson1", "Lesson1", "{8D9AC087-25B1-419F-A39D-8A0186C42D4B}"
EndProject
Project("{2150E333-8FDC-42A3-9474-1A3956D46DE8}") = "Lesson2", "Lesson2", "{FB8D0C5D-A962-4C91-8C1B-EE7F6D67DB81}"
EndProject
Project("{2150E333-8FDC-42A3-9474-1A3956D46DE8}") = "Lesson3", "Lesson3", "{1C9636BF-19E3-4906-A617-8CE601EB278E}"
EndProject
Project("{2150E333-8FDC-42A3-9474-1A3956D46DE8}") = "Lesson4", "Lesson4", "{650F58E7-2201-47B1-8A4A-E643660F971C}"
EndProject
Project("{2150E333-8FDC-42A3-9474-1A3956D46DE8}") = "Lesson5", "Lesson5", "{3E7A1C29-22F2-4835-933D-9E0703221833}"
EndProject
Project("{FAE04EC0-301F-11D3-BF4B-00C04F79EFBC}") = "HomeWork3", "HomeWork3\HomeWork3.csproj", "{4B289BE1-D6D2-45DB-BBFE-D9340193AAE1}"
EndProject
Project("{2150E333-8FDC-42A3-9474-1A3956D46DE8}") = "Lesson6", "Lesson6", "{C81F2CE6-0B79-4D26-96FA-234C0F6D93F7}"
EndProject
Project("{FAE04EC0-301F-11D3-BF4B-00C04F79EFBC}") = "HomeWork6", "HomeWork6\HomeWork6.csproj", "{602DD98B-58FF-47FD-B628-A28469B7ED5C}"
EndProject
Project("{2150E333-8FDC-42A3-9474-1A3956D46DE8}") = "Lesson8", "Lesson8", "{8C2D514D-EF53-4F72-AEBB-05297AB8D4E4}"
EndProject
Project("{FAE04EC0-301F-11D3-BF4B-00C04F79EFBC}") = "HomeWork8", "HomeWork7\HomeWork8.csproj", "{E8D7842D-3B5F-47D1-ACBE-AD890A829CCC}"
EndProject
Global
	GlobalSection(SolutionConfigurationPlatforms) = preSolution
		Debug|Any CPU = Debug|Any CPU
		Release|Any CPU = Release|Any CPU
	EndGlobalSection
	GlobalSection(ProjectConfigurationPlatforms) = postSolution
		{2ED746EA-1C17-484F-B010-93D050538067}.Debug|Any CPU.ActiveCfg = Debug|Any CPU
		{2ED746EA-1C17-484F-B010-93D050538067}.Debug|Any CPU.Build.0 = Debug|Any CPU
		{2ED746EA-1C17-484F-B010-93D050538067}.Release|Any CPU.ActiveCfg = Release|Any CPU
		{2ED746EA-1C17-484F-B010-93D050538067}.Release|Any CPU.Build.0 = Release|Any CPU
		{92C271B6-918A-447A-B5A1-0630606D17C3}.Debug|Any CPU.ActiveCfg = Debug|Any CPU
		{92C271B6-918A-447A-B5A1-0630606D17C3}.Debug|Any CPU.Build.0 = Debug|Any CPU
		{92C271B6-918A-447A-B5A1-0630606D17C3}.Release|Any CPU.ActiveCfg = Release|Any CPU
		{92C271B6-918A-447A-B5A1-0630606D17C3}.Release|Any CPU.Build.0 = Release|Any CPU
		{BB19985D-89F4-4BE1-9864-E179A9C97C91}.Debug|Any CPU.ActiveCfg = Debug|Any CPU
		{BB19985D-89F4-4BE1-9864-E179A9C97C91}.Debug|Any CPU.Build.0 = Debug|Any CPU
		{BB19985D-89F4-4BE1-9864-E179A9C97C91}.Release|Any CPU.ActiveCfg = Release|Any CPU
		{BB19985D-89F4-4BE1-9864-E179A9C97C91}.Release|Any CPU.Build.0 = Release|Any CPU
		{DC9EC70C-152D-47CB-9F37-87FCD97E9388}.Debug|Any CPU.ActiveCfg = Debug|Any CPU
		{DC9EC70C-152D-47CB-9F37-87FCD97E9388}.Debug|Any CPU.Build.0 = Debug|Any CPU
		{DC9EC70C-152D-47CB-9F37-87FCD97E9388}.Release|Any CPU.ActiveCfg = Release|Any CPU
		{DC9EC70C-152D-47CB-9F37-87FCD97E9388}.Release|Any CPU.Build.0 = Release|Any CPU
		{4B289BE1-D6D2-45DB-BBFE-D9340193AAE1}.Debug|Any CPU.ActiveCfg = Debug|Any CPU
		{4B289BE1-D6D2-45DB-BBFE-D9340193AAE1}.Debug|Any CPU.Build.0 = Debug|Any CPU
		{4B289BE1-D6D2-45DB-BBFE-D9340193AAE1}.Release|Any CPU.ActiveCfg = Release|Any CPU
		{4B289BE1-D6D2-45DB-BBFE-D9340193AAE1}.Release|Any CPU.Build.0 = Release|Any CPU
		{602DD98B-58FF-47FD-B628-A28469B7ED5C}.Debug|Any CPU.ActiveCfg = Debug|Any CPU
		{602DD98B-58FF-47FD-B628-A28469B7ED5C}.Debug|Any CPU.Build.0 = Debug|Any CPU
		{602DD98B-58FF-47FD-B628-A28469B7ED5C}.Release|Any CPU.ActiveCfg = Release|Any CPU
		{602DD98B-58FF-47FD-B628-A28469B7ED5C}.Release|Any CPU.Build.0 = Release|Any CPU
		{E8D7842D-3B5F-47D1-ACBE-AD890A829CCC}.Debug|Any CPU.ActiveCfg = Debug|Any CPU
		{E8D7842D-3B5F-47D1-ACBE-AD890A829CCC}.Debug|Any CPU.Build.0 = Debug|Any CPU
		{E8D7842D-3B5F-47D1-ACBE-AD890A829CCC}.Release|Any CPU.ActiveCfg = Release|Any CPU
		{E8D7842D-3B5F-47D1-ACBE-AD890A829CCC}.Release|Any CPU.Build.0 = Release|Any CPU
	EndGlobalSection
	GlobalSection(SolutionProperties) = preSolution
		HideSolutionNode = FALSE
	EndGlobalSection
	GlobalSection(NestedProjects) = preSolution
		{2ED746EA-1C17-484F-B010-93D050538067} = {650F58E7-2201-47B1-8A4A-E643660F971C}
		{92C271B6-918A-447A-B5A1-0630606D17C3} = {3E7A1C29-22F2-4835-933D-9E0703221833}
		{BB19985D-89F4-4BE1-9864-E179A9C97C91} = {8D9AC087-25B1-419F-A39D-8A0186C42D4B}
		{DC9EC70C-152D-47CB-9F37-87FCD97E9388} = {FB8D0C5D-A962-4C91-8C1B-EE7F6D67DB81}
		{4B289BE1-D6D2-45DB-BBFE-D9340193AAE1} = {1C9636BF-19E3-4906-A617-8CE601EB278E}
		{602DD98B-58FF-47FD-B628-A28469B7ED5C} = {C81F2CE6-0B79-4D26-96FA-234C0F6D93F7}
		{E8D7842D-3B5F-47D1-ACBE-AD890A829CCC} = {8C2D514D-EF53-4F72-AEBB-05297AB8D4E4}
	EndGlobalSection
	GlobalSection(ExtensibilityGlobals) = postSolution
		SolutionGuid = {6945209B-FF42-481E-A446-7072F29BBC51}
	EndGlobalSection
EndGlobal
